
Microsoft Visual Studio Solution File, Format Version 12.00
# Visual Studio 15
VisualStudioVersion = 15.0.27004.2005
MinimumVisualStudioVersion = 10.0.40219.1
Project("{2150E333-8FDC-42A3-9474-1A3956D46DE8}") = "1- Presentation", "1- Presentation", "{53E22521-55B7-4769-AAF0-386B60764579}"
EndProject
Project("{2150E333-8FDC-42A3-9474-1A3956D46DE8}") = "2 - Services", "2 - Services", "{48007791-0961-429C-B3CF-393F9890637F}"
EndProject
Project("{2150E333-8FDC-42A3-9474-1A3956D46DE8}") = "3 - Application", "3 - Application", "{809EDF29-43BA-419F-B73B-3A8F73FC580B}"
EndProject
Project("{2150E333-8FDC-42A3-9474-1A3956D46DE8}") = "4 - Domain", "4 - Domain", "{ED1E214B-80F5-4E3C-BF8C-A54B1C1181CB}"
EndProject
Project("{2150E333-8FDC-42A3-9474-1A3956D46DE8}") = "5 - Infra", "5 - Infra", "{5C7B98BA-8FD5-4409-AB4D-32DB2AF1CE99}"
EndProject
Project("{2150E333-8FDC-42A3-9474-1A3956D46DE8}") = "5.1 - Data", "5.1 - Data", "{94C8A86A-3BF4-4F9C-BB99-D843204AE2B4}"
EndProject
Project("{2150E333-8FDC-42A3-9474-1A3956D46DE8}") = "5.2 - CrossCutting", "5.2 - CrossCutting", "{644161C2-7087-4DB1-A29E-6BC886B61917}"
EndProject
Project("{9A19103F-16F7-4668-BE54-9A1E7A4F7556}") = "Core.Domain", "CoreDDD.Domain\Core.Domain.csproj", "{D0974F89-FD20-4B59-A15E-AB223F0B92F0}"
EndProject
Project("{9A19103F-16F7-4668-BE54-9A1E7A4F7556}") = "Core.Domain.Core", "Core.Domain.Core\Core.Domain.Core.csproj", "{98BAE091-EF01-48FB-AF44-50422174941A}"
EndProject
Project("{2150E333-8FDC-42A3-9474-1A3956D46DE8}") = "6 - TestsUnity", "6 - TestsUnity", "{C660E120-22E2-4A7F-B856-92D283314A7E}"
EndProject
Project("{9A19103F-16F7-4668-BE54-9A1E7A4F7556}") = "Core.Infra.Data", "Core.Infra.Data\Core.Infra.Data.csproj", "{CB42565F-EE67-4D00-84E9-4F9246DCF414}"
EndProject
Project("{9A19103F-16F7-4668-BE54-9A1E7A4F7556}") = "Core.TestsUnity.Tests", "Core.TestsUnity.Tests\Core.TestsUnity.Tests.csproj", "{CCAF2E59-C472-44AB-91A1-641022BECFD6}"
EndProject
Project("{9A19103F-16F7-4668-BE54-9A1E7A4F7556}") = "Core.Site", "Core.Site\Core.Site.csproj", "{68BF5A72-76B2-4CD3-BEDE-D15713F122D7}"
EndProject
Project("{2150E333-8FDC-42A3-9474-1A3956D46DE8}") = "src", "src", "{1E0E7663-FEDF-4B3D-9237-138FD8F549DD}"
EndProject
Project("{2150E333-8FDC-42A3-9474-1A3956D46DE8}") = "tests", "tests", "{8F75569C-B6D2-4DB5-B70E-FB001B4DA582}"
EndProject
Project("{2150E333-8FDC-42A3-9474-1A3956D46DE8}") = "sql", "sql", "{9EA2F547-8F0B-4952-8C0A-95297D479AED}"
EndProject
Project("{9A19103F-16F7-4668-BE54-9A1E7A4F7556}") = "Core.Application", "Core.Application\Core.Application.csproj", "{AF82FD45-60C5-4EF2-BDE7-3F2B128BDD23}"
EndProject
Project("{9A19103F-16F7-4668-BE54-9A1E7A4F7556}") = "Core.Infra.IoC", "Core.Infra.IoC\Core.Infra.IoC.csproj", "{6015CBD1-9B31-45A7-AA2C-5F30858FFBEC}"
EndProject
Project("{9A19103F-16F7-4668-BE54-9A1E7A4F7556}") = "Core.Infra.Bus", "Core.Infra.Bus\Core.Infra.Bus.csproj", "{F090DFE2-9627-427A-8901-A28343B30BB9}"
EndProject
Project("{9A19103F-16F7-4668-BE54-9A1E7A4F7556}") = "Core.Infra.Identity", "Core.Infra.Identity\Core.Infra.Identity.csproj", "{8E0B4AE8-1BE0-4196-BEEF-F14CFF512BED}"
EndProject
Project("{FAE04EC0-301F-11D3-BF4B-00C04F79EFBC}") = "Core.Services.Api", "Core.Services.Api\Core.Services.Api.csproj", "{96C19027-4A94-48BB-89E2-34FD23754B37}"
EndProject
Global
	GlobalSection(SolutionConfigurationPlatforms) = preSolution
		Debug|Any CPU = Debug|Any CPU
		Release|Any CPU = Release|Any CPU
	EndGlobalSection
	GlobalSection(ProjectConfigurationPlatforms) = postSolution
		{D0974F89-FD20-4B59-A15E-AB223F0B92F0}.Debug|Any CPU.ActiveCfg = Debug|Any CPU
		{D0974F89-FD20-4B59-A15E-AB223F0B92F0}.Debug|Any CPU.Build.0 = Debug|Any CPU
		{D0974F89-FD20-4B59-A15E-AB223F0B92F0}.Release|Any CPU.ActiveCfg = Release|Any CPU
		{D0974F89-FD20-4B59-A15E-AB223F0B92F0}.Release|Any CPU.Build.0 = Release|Any CPU
		{98BAE091-EF01-48FB-AF44-50422174941A}.Debug|Any CPU.ActiveCfg = Debug|Any CPU
		{98BAE091-EF01-48FB-AF44-50422174941A}.Debug|Any CPU.Build.0 = Debug|Any CPU
		{98BAE091-EF01-48FB-AF44-50422174941A}.Release|Any CPU.ActiveCfg = Release|Any CPU
		{98BAE091-EF01-48FB-AF44-50422174941A}.Release|Any CPU.Build.0 = Release|Any CPU
		{CB42565F-EE67-4D00-84E9-4F9246DCF414}.Debug|Any CPU.ActiveCfg = Debug|Any CPU
		{CB42565F-EE67-4D00-84E9-4F9246DCF414}.Debug|Any CPU.Build.0 = Debug|Any CPU
		{CB42565F-EE67-4D00-84E9-4F9246DCF414}.Release|Any CPU.ActiveCfg = Release|Any CPU
		{CB42565F-EE67-4D00-84E9-4F9246DCF414}.Release|Any CPU.Build.0 = Release|Any CPU
		{CCAF2E59-C472-44AB-91A1-641022BECFD6}.Debug|Any CPU.ActiveCfg = Debug|Any CPU
		{CCAF2E59-C472-44AB-91A1-641022BECFD6}.Debug|Any CPU.Build.0 = Debug|Any CPU
		{CCAF2E59-C472-44AB-91A1-641022BECFD6}.Release|Any CPU.ActiveCfg = Release|Any CPU
		{CCAF2E59-C472-44AB-91A1-641022BECFD6}.Release|Any CPU.Build.0 = Release|Any CPU
		{68BF5A72-76B2-4CD3-BEDE-D15713F122D7}.Debug|Any CPU.ActiveCfg = Debug|Any CPU
		{68BF5A72-76B2-4CD3-BEDE-D15713F122D7}.Debug|Any CPU.Build.0 = Debug|Any CPU
		{68BF5A72-76B2-4CD3-BEDE-D15713F122D7}.Release|Any CPU.ActiveCfg = Release|Any CPU
		{68BF5A72-76B2-4CD3-BEDE-D15713F122D7}.Release|Any CPU.Build.0 = Release|Any CPU
		{AF82FD45-60C5-4EF2-BDE7-3F2B128BDD23}.Debug|Any CPU.ActiveCfg = Debug|Any CPU
		{AF82FD45-60C5-4EF2-BDE7-3F2B128BDD23}.Debug|Any CPU.Build.0 = Debug|Any CPU
		{AF82FD45-60C5-4EF2-BDE7-3F2B128BDD23}.Release|Any CPU.ActiveCfg = Release|Any CPU
		{AF82FD45-60C5-4EF2-BDE7-3F2B128BDD23}.Release|Any CPU.Build.0 = Release|Any CPU
		{6015CBD1-9B31-45A7-AA2C-5F30858FFBEC}.Debug|Any CPU.ActiveCfg = Debug|Any CPU
		{6015CBD1-9B31-45A7-AA2C-5F30858FFBEC}.Debug|Any CPU.Build.0 = Debug|Any CPU
		{6015CBD1-9B31-45A7-AA2C-5F30858FFBEC}.Release|Any CPU.ActiveCfg = Release|Any CPU
		{6015CBD1-9B31-45A7-AA2C-5F30858FFBEC}.Release|Any CPU.Build.0 = Release|Any CPU
		{F090DFE2-9627-427A-8901-A28343B30BB9}.Debug|Any CPU.ActiveCfg = Debug|Any CPU
		{F090DFE2-9627-427A-8901-A28343B30BB9}.Debug|Any CPU.Build.0 = Debug|Any CPU
		{F090DFE2-9627-427A-8901-A28343B30BB9}.Release|Any CPU.ActiveCfg = Release|Any CPU
		{F090DFE2-9627-427A-8901-A28343B30BB9}.Release|Any CPU.Build.0 = Release|Any CPU
		{8E0B4AE8-1BE0-4196-BEEF-F14CFF512BED}.Debug|Any CPU.ActiveCfg = Debug|Any CPU
		{8E0B4AE8-1BE0-4196-BEEF-F14CFF512BED}.Debug|Any CPU.Build.0 = Debug|Any CPU
		{8E0B4AE8-1BE0-4196-BEEF-F14CFF512BED}.Release|Any CPU.ActiveCfg = Release|Any CPU
		{8E0B4AE8-1BE0-4196-BEEF-F14CFF512BED}.Release|Any CPU.Build.0 = Release|Any CPU
		{96C19027-4A94-48BB-89E2-34FD23754B37}.Debug|Any CPU.ActiveCfg = Debug|Any CPU
		{96C19027-4A94-48BB-89E2-34FD23754B37}.Debug|Any CPU.Build.0 = Debug|Any CPU
		{96C19027-4A94-48BB-89E2-34FD23754B37}.Release|Any CPU.ActiveCfg = Release|Any CPU
		{96C19027-4A94-48BB-89E2-34FD23754B37}.Release|Any CPU.Build.0 = Release|Any CPU
	EndGlobalSection
	GlobalSection(SolutionProperties) = preSolution
		HideSolutionNode = FALSE
	EndGlobalSection
	GlobalSection(NestedProjects) = preSolution
		{53E22521-55B7-4769-AAF0-386B60764579} = {1E0E7663-FEDF-4B3D-9237-138FD8F549DD}
		{48007791-0961-429C-B3CF-393F9890637F} = {1E0E7663-FEDF-4B3D-9237-138FD8F549DD}
		{809EDF29-43BA-419F-B73B-3A8F73FC580B} = {1E0E7663-FEDF-4B3D-9237-138FD8F549DD}
		{ED1E214B-80F5-4E3C-BF8C-A54B1C1181CB} = {1E0E7663-FEDF-4B3D-9237-138FD8F549DD}
		{5C7B98BA-8FD5-4409-AB4D-32DB2AF1CE99} = {1E0E7663-FEDF-4B3D-9237-138FD8F549DD}
		{94C8A86A-3BF4-4F9C-BB99-D843204AE2B4} = {5C7B98BA-8FD5-4409-AB4D-32DB2AF1CE99}
		{644161C2-7087-4DB1-A29E-6BC886B61917} = {5C7B98BA-8FD5-4409-AB4D-32DB2AF1CE99}
		{D0974F89-FD20-4B59-A15E-AB223F0B92F0} = {ED1E214B-80F5-4E3C-BF8C-A54B1C1181CB}
		{98BAE091-EF01-48FB-AF44-50422174941A} = {ED1E214B-80F5-4E3C-BF8C-A54B1C1181CB}
		{C660E120-22E2-4A7F-B856-92D283314A7E} = {8F75569C-B6D2-4DB5-B70E-FB001B4DA582}
		{CB42565F-EE67-4D00-84E9-4F9246DCF414} = {94C8A86A-3BF4-4F9C-BB99-D843204AE2B4}
		{CCAF2E59-C472-44AB-91A1-641022BECFD6} = {C660E120-22E2-4A7F-B856-92D283314A7E}
		{68BF5A72-76B2-4CD3-BEDE-D15713F122D7} = {53E22521-55B7-4769-AAF0-386B60764579}
		{AF82FD45-60C5-4EF2-BDE7-3F2B128BDD23} = {809EDF29-43BA-419F-B73B-3A8F73FC580B}
		{6015CBD1-9B31-45A7-AA2C-5F30858FFBEC} = {644161C2-7087-4DB1-A29E-6BC886B61917}
		{F090DFE2-9627-427A-8901-A28343B30BB9} = {644161C2-7087-4DB1-A29E-6BC886B61917}
		{8E0B4AE8-1BE0-4196-BEEF-F14CFF512BED} = {644161C2-7087-4DB1-A29E-6BC886B61917}
		{96C19027-4A94-48BB-89E2-34FD23754B37} = {48007791-0961-429C-B3CF-393F9890637F}
	EndGlobalSection
	GlobalSection(ExtensibilityGlobals) = postSolution
		SolutionGuid = {2B9EEB47-4B29-4E55-B741-9C97AD6FB53F}
	EndGlobalSection
EndGlobal
