
Microsoft Visual Studio Solution File, Format Version 12.00
# Visual Studio 15
VisualStudioVersion = 15.0.26730.12
MinimumVisualStudioVersion = 10.0.40219.1
Project("{2150E333-8FDC-42A3-9474-1A3956D46DE8}") = "1- Presentation", "1- Presentation", "{53E22521-55B7-4769-AAF0-386B60764579}"
EndProject
Project("{2150E333-8FDC-42A3-9474-1A3956D46DE8}") = "2 - Services", "2 - Services", "{48007791-0961-429C-B3CF-393F9890637F}"
EndProject
Project("{2150E333-8FDC-42A3-9474-1A3956D46DE8}") = "3 - Application", "3 - Application", "{809EDF29-43BA-419F-B73B-3A8F73FC580B}"
EndProject
Project("{2150E333-8FDC-42A3-9474-1A3956D46DE8}") = "4 - Domain", "4 - Domain", "{ED1E214B-80F5-4E3C-BF8C-A54B1C1181CB}"
EndProject
Project("{2150E333-8FDC-42A3-9474-1A3956D46DE8}") = "5 - Infra", "5 - Infra", "{5C7B98BA-8FD5-4409-AB4D-32DB2AF1CE99}"
EndProject
Project("{2150E333-8FDC-42A3-9474-1A3956D46DE8}") = "5.1 - Data", "5.1 - Data", "{94C8A86A-3BF4-4F9C-BB99-D843204AE2B4}"
EndProject
Project("{2150E333-8FDC-42A3-9474-1A3956D46DE8}") = "5.2 - CrossCutting", "5.2 - CrossCutting", "{644161C2-7087-4DB1-A29E-6BC886B61917}"
EndProject
Project("{9A19103F-16F7-4668-BE54-9A1E7A4F7556}") = "Core.Domain", "CoreDDD.Domain\Core.Domain.csproj", "{D0974F89-FD20-4B59-A15E-AB223F0B92F0}"
EndProject
Project("{9A19103F-16F7-4668-BE54-9A1E7A4F7556}") = "Core.Domain.Core", "Core.Domain.Core\Core.Domain.Core.csproj", "{98BAE091-EF01-48FB-AF44-50422174941A}"
EndProject
Project("{FAE04EC0-301F-11D3-BF4B-00C04F79EFBC}") = "Core.Testes", "Core.Infra.CC.Testes\Core.Testes.csproj", "{8A8D08C7-56AF-47DE-A5E5-232FA24A700E}"
EndProject
Project("{2150E333-8FDC-42A3-9474-1A3956D46DE8}") = "6 - TestsUnity", "6 - TestsUnity", "{C660E120-22E2-4A7F-B856-92D283314A7E}"
EndProject
Global
	GlobalSection(SolutionConfigurationPlatforms) = preSolution
		Debug|Any CPU = Debug|Any CPU
		Release|Any CPU = Release|Any CPU
	EndGlobalSection
	GlobalSection(ProjectConfigurationPlatforms) = postSolution
		{D0974F89-FD20-4B59-A15E-AB223F0B92F0}.Debug|Any CPU.ActiveCfg = Debug|Any CPU
		{D0974F89-FD20-4B59-A15E-AB223F0B92F0}.Debug|Any CPU.Build.0 = Debug|Any CPU
		{D0974F89-FD20-4B59-A15E-AB223F0B92F0}.Release|Any CPU.ActiveCfg = Release|Any CPU
		{D0974F89-FD20-4B59-A15E-AB223F0B92F0}.Release|Any CPU.Build.0 = Release|Any CPU
		{98BAE091-EF01-48FB-AF44-50422174941A}.Debug|Any CPU.ActiveCfg = Debug|Any CPU
		{98BAE091-EF01-48FB-AF44-50422174941A}.Debug|Any CPU.Build.0 = Debug|Any CPU
		{98BAE091-EF01-48FB-AF44-50422174941A}.Release|Any CPU.ActiveCfg = Release|Any CPU
		{98BAE091-EF01-48FB-AF44-50422174941A}.Release|Any CPU.Build.0 = Release|Any CPU
		{8A8D08C7-56AF-47DE-A5E5-232FA24A700E}.Debug|Any CPU.ActiveCfg = Debug|Any CPU
		{8A8D08C7-56AF-47DE-A5E5-232FA24A700E}.Debug|Any CPU.Build.0 = Debug|Any CPU
		{8A8D08C7-56AF-47DE-A5E5-232FA24A700E}.Release|Any CPU.ActiveCfg = Release|Any CPU
		{8A8D08C7-56AF-47DE-A5E5-232FA24A700E}.Release|Any CPU.Build.0 = Release|Any CPU
	EndGlobalSection
	GlobalSection(SolutionProperties) = preSolution
		HideSolutionNode = FALSE
	EndGlobalSection
	GlobalSection(NestedProjects) = preSolution
		{94C8A86A-3BF4-4F9C-BB99-D843204AE2B4} = {5C7B98BA-8FD5-4409-AB4D-32DB2AF1CE99}
		{644161C2-7087-4DB1-A29E-6BC886B61917} = {5C7B98BA-8FD5-4409-AB4D-32DB2AF1CE99}
		{D0974F89-FD20-4B59-A15E-AB223F0B92F0} = {ED1E214B-80F5-4E3C-BF8C-A54B1C1181CB}
		{98BAE091-EF01-48FB-AF44-50422174941A} = {ED1E214B-80F5-4E3C-BF8C-A54B1C1181CB}
		{8A8D08C7-56AF-47DE-A5E5-232FA24A700E} = {C660E120-22E2-4A7F-B856-92D283314A7E}
	EndGlobalSection
	GlobalSection(ExtensibilityGlobals) = postSolution
		SolutionGuid = {2B9EEB47-4B29-4E55-B741-9C97AD6FB53F}
	EndGlobalSection
EndGlobal
